
Microsoft Visual Studio Solution File, Format Version 12.00
# Visual Studio Version 16
VisualStudioVersion = 16.0.31702.278
MinimumVisualStudioVersion = 10.0.40219.1
Project("{9A19103F-16F7-4668-BE54-9A1E7A4F7556}") = "SmartERP.Web", "SmartERP\SmartERP.Web\SmartERP.Web.csproj", "{40AC9218-3931-4335-9FC8-0E410211CACA}"
EndProject
Global
	GlobalSection(SolutionConfigurationPlatforms) = preSolution
		Debug|Any CPU = Debug|Any CPU
		Release|Any CPU = Release|Any CPU
	EndGlobalSection
	GlobalSection(ProjectConfigurationPlatforms) = postSolution
		{40AC9218-3931-4335-9FC8-0E410211CACA}.Debug|Any CPU.ActiveCfg = Debug|Any CPU
		{40AC9218-3931-4335-9FC8-0E410211CACA}.Debug|Any CPU.Build.0 = Debug|Any CPU
		{40AC9218-3931-4335-9FC8-0E410211CACA}.Release|Any CPU.ActiveCfg = Release|Any CPU
		{40AC9218-3931-4335-9FC8-0E410211CACA}.Release|Any CPU.Build.0 = Release|Any CPU
	EndGlobalSection
	GlobalSection(SolutionProperties) = preSolution
		HideSolutionNode = FALSE
	EndGlobalSection
	GlobalSection(ExtensibilityGlobals) = postSolution
		SolutionGuid = {3930BE88-3433-4D89-BD00-17B28452EED1}
	EndGlobalSection
EndGlobal
